
Microsoft Visual Studio Solution File, Format Version 12.00
# Visual Studio Version 17
VisualStudioVersion = 17.3.32922.545
MinimumVisualStudioVersion = 10.0.40219.1
Project("{8BC9CEB8-8B4A-11D0-8D11-00A0C91BC942}") = "HW 3-1 p12", "HW 3-1 p12\HW 3-1 p12.vcxproj", "{0D2E4129-16A4-48D9-B9A9-D9929B3CEDC9}"
EndProject
Global
	GlobalSection(SolutionConfigurationPlatforms) = preSolution
		Debug|x64 = Debug|x64
		Debug|x86 = Debug|x86
		Release|x64 = Release|x64
		Release|x86 = Release|x86
	EndGlobalSection
	GlobalSection(ProjectConfigurationPlatforms) = postSolution
		{0D2E4129-16A4-48D9-B9A9-D9929B3CEDC9}.Debug|x64.ActiveCfg = Debug|x64
		{0D2E4129-16A4-48D9-B9A9-D9929B3CEDC9}.Debug|x64.Build.0 = Debug|x64
		{0D2E4129-16A4-48D9-B9A9-D9929B3CEDC9}.Debug|x86.ActiveCfg = Debug|Win32
		{0D2E4129-16A4-48D9-B9A9-D9929B3CEDC9}.Debug|x86.Build.0 = Debug|Win32
		{0D2E4129-16A4-48D9-B9A9-D9929B3CEDC9}.Release|x64.ActiveCfg = Release|x64
		{0D2E4129-16A4-48D9-B9A9-D9929B3CEDC9}.Release|x64.Build.0 = Release|x64
		{0D2E4129-16A4-48D9-B9A9-D9929B3CEDC9}.Release|x86.ActiveCfg = Release|Win32
		{0D2E4129-16A4-48D9-B9A9-D9929B3CEDC9}.Release|x86.Build.0 = Release|Win32
	EndGlobalSection
	GlobalSection(SolutionProperties) = preSolution
		HideSolutionNode = FALSE
	EndGlobalSection
	GlobalSection(ExtensibilityGlobals) = postSolution
		SolutionGuid = {2DA5B898-A130-4CE4-98C1-CAF9A66F4DE1}
	EndGlobalSection
EndGlobal
